
Microsoft Visual Studio Solution File, Format Version 12.00
# Visual Studio Version 17
VisualStudioVersion = 17.11.35208.52
MinimumVisualStudioVersion = 10.0.40219.1
Project("{FAE04EC0-301F-11D3-BF4B-00C04F79EFBC}") = "TravelWebSite", "TravelWebSite\TravelWebSite.csproj", "{6993EF62-2405-431C-83D1-DA9F782ACCD0}"
EndProject
Global
	GlobalSection(SolutionConfigurationPlatforms) = preSolution
		Debug|Any CPU = Debug|Any CPU
		Release|Any CPU = Release|Any CPU
	EndGlobalSection
	GlobalSection(ProjectConfigurationPlatforms) = postSolution
		{6993EF62-2405-431C-83D1-DA9F782ACCD0}.Debug|Any CPU.ActiveCfg = Debug|Any CPU
		{6993EF62-2405-431C-83D1-DA9F782ACCD0}.Debug|Any CPU.Build.0 = Debug|Any CPU
		{6993EF62-2405-431C-83D1-DA9F782ACCD0}.Release|Any CPU.ActiveCfg = Release|Any CPU
		{6993EF62-2405-431C-83D1-DA9F782ACCD0}.Release|Any CPU.Build.0 = Release|Any CPU
	EndGlobalSection
	GlobalSection(SolutionProperties) = preSolution
		HideSolutionNode = FALSE
	EndGlobalSection
	GlobalSection(ExtensibilityGlobals) = postSolution
		SolutionGuid = {44022FE2-4930-4C93-A973-576B7538C381}
	EndGlobalSection
EndGlobal
